
Microsoft Visual Studio Solution File, Format Version 12.00
# Visual Studio 15
VisualStudioVersion = 15.0.28307.1000
MinimumVisualStudioVersion = 10.0.40219.1
Project("{FAE04EC0-301F-11D3-BF4B-00C04F79EFBC}") = "Programa Ejemplo Herencia", "Programa Ejemplo Herencia\Programa Ejemplo Herencia.csproj", "{563BD8E9-9E8D-4BD6-9304-BB90E26DA5F1}"
EndProject
Global
	GlobalSection(SolutionConfigurationPlatforms) = preSolution
		Debug|Any CPU = Debug|Any CPU
		Release|Any CPU = Release|Any CPU
	EndGlobalSection
	GlobalSection(ProjectConfigurationPlatforms) = postSolution
		{563BD8E9-9E8D-4BD6-9304-BB90E26DA5F1}.Debug|Any CPU.ActiveCfg = Debug|Any CPU
		{563BD8E9-9E8D-4BD6-9304-BB90E26DA5F1}.Debug|Any CPU.Build.0 = Debug|Any CPU
		{563BD8E9-9E8D-4BD6-9304-BB90E26DA5F1}.Release|Any CPU.ActiveCfg = Release|Any CPU
		{563BD8E9-9E8D-4BD6-9304-BB90E26DA5F1}.Release|Any CPU.Build.0 = Release|Any CPU
	EndGlobalSection
	GlobalSection(SolutionProperties) = preSolution
		HideSolutionNode = FALSE
	EndGlobalSection
	GlobalSection(ExtensibilityGlobals) = postSolution
		SolutionGuid = {CCD49E4A-C6F4-4582-8C46-74EFAE5ECD58}
	EndGlobalSection
EndGlobal
